// !$*UTF8*$!
{
	archiveVersion = 1;
	classes = {
	};
	objectVersion = 46;
	objects = {

/* Begin PBXBuildFile section */
		6C7D7B671B72A81F0023BE67 /* main.m in Sources */ = {isa = PBXBuildFile; fileRef = 6C7D7B661B72A81F0023BE67 /* main.m */; };
		6C7D7B6A1B72A81F0023BE67 /* AppDelegate.m in Sources */ = {isa = PBXBuildFile; fileRef = 6C7D7B691B72A81F0023BE67 /* AppDelegate.m */; };
		6C7D7B6D1B72A81F0023BE67 /* ViewController.m in Sources */ = {isa = PBXBuildFile; fileRef = 6C7D7B6C1B72A81F0023BE67 /* ViewController.m */; };
		6C7D7B701B72A81F0023BE67 /* Main.storyboard in Resources */ = {isa = PBXBuildFile; fileRef = 6C7D7B6E1B72A81F0023BE67 /* Main.storyboard */; };
		6C7D7B721B72A81F0023BE67 /* Images.xcassets in Resources */ = {isa = PBXBuildFile; fileRef = 6C7D7B711B72A81F0023BE67 /* Images.xcassets */; };
		6C7D7B751B72A81F0023BE67 /* LaunchScreen.xib in Resources */ = {isa = PBXBuildFile; fileRef = 6C7D7B731B72A81F0023BE67 /* LaunchScreen.xib */; };
		6C7D7B811B72A81F0023BE67 /* JsonExampleTests.m in Sources */ = {isa = PBXBuildFile; fileRef = 6C7D7B801B72A81F0023BE67 /* JsonExampleTests.m */; };
/* End PBXBuildFile section */

/* Begin PBXContainerItemProxy section */
		6C7D7B7B1B72A81F0023BE67 /* PBXContainerItemProxy */ = {
			isa = PBXContainerItemProxy;
			containerPortal = 6C7D7B591B72A81F0023BE67 /* Project object */;
			proxyType = 1;
			remoteGlobalIDString = 6C7D7B601B72A81F0023BE67;
			remoteInfo = JsonExample;
		};
/* End PBXContainerItemProxy section */

/* Begin PBXFileReference section */
		6C7D7B611B72A81F0023BE67 /* JsonExample.app */ = {isa = PBXFileReference; explicitFileType = wrapper.application; includeInIndex = 0; path = JsonExample.app; sourceTree = BUILT_PRODUCTS_DIR; };
		6C7D7B651B72A81F0023BE67 /* Info.plist */ = {isa = PBXFileReference; lastKnownFileType = text.plist.xml; path = Info.plist; sourceTree = "<group>"; };
		6C7D7B661B72A81F0023BE67 /* main.m */ = {isa = PBXFileReference; lastKnownFileType = sourcecode.c.objc; path = main.m; sourceTree = "<group>"; };
		6C7D7B681B72A81F0023BE67 /* AppDelegate.h */ = {isa = PBXFileReference; lastKnownFileType = sourcecode.c.h; path = AppDelegate.h; sourceTree = "<group>"; };
		6C7D7B691B72A81F0023BE67 /* AppDelegate.m */ = {isa = PBXFileReference; lastKnownFileType = sourcecode.c.objc; path = AppDelegate.m; sourceTree = "<group>"; };
		6C7D7B6B1B72A81F0023BE67 /* ViewController.h */ = {isa = PBXFileReference; lastKnownFileType = sourcecode.c.h; path = ViewController.h; sourceTree = "<group>"; };
		6C7D7B6C1B72A81F0023BE67 /* ViewController.m */ = {isa = PBXFileReference; lastKnownFileType = sourcecode.c.objc; path = ViewController.m; sourceTree = "<group>"; };
		6C7D7B6F1B72A81F0023BE67 /* Base */ = {isa = PBXFileReference; lastKnownFileType = file.storyboard; name = Base; path = Base.lproj/Main.storyboard; sourceTree = "<group>"; };
		6C7D7B711B72A81F0023BE67 /* Images.xcassets */ = {isa = PBXFileReference; lastKnownFileType = folder.assetcatalog; path = Images.xcassets; sourceTree = "<group>"; };
		6C7D7B741B72A81F0023BE67 /* Base */ = {isa = PBXFileReference; lastKnownFileType = file.xib; name = Base; path = Base.lproj/LaunchScreen.xib; sourceTree = "<group>"; };
		6C7D7B7A1B72A81F0023BE67 /* JsonExampleTests.xctest */ = {isa = PBXFileReference; explicitFileType = wrapper.cfbundle; includeInIndex = 0; path = JsonExampleTests.xctest; sourceTree = BUILT_PRODUCTS_DIR; };
		6C7D7B7F1B72A81F0023BE67 /* Info.plist */ = {isa = PBXFileReference; lastKnownFileType = text.plist.xml; path = Info.plist; sourceTree = "<group>"; };
		6C7D7B801B72A81F0023BE67 /* JsonExampleTests.m */ = {isa = PBXFileReference; lastKnownFileType = sourcecode.c.objc; path = JsonExampleTests.m; sourceTree = "<group>"; };
/* End PBXFileReference section */

/* Begin PBXFrameworksBuildPhase section */
		6C7D7B5E1B72A81F0023BE67 /* Frameworks */ = {
			isa = PBXFrameworksBuildPhase;
			buildActionMask = 2147483647;
			files = (
			);
			runOnlyForDeploymentPostprocessing = 0;
		};
		6C7D7B771B72A81F0023BE67 /* Frameworks */ = {
			isa = PBXFrameworksBuildPhase;
			buildActionMask = 2147483647;
			files = (
			);
			runOnlyForDeploymentPostprocessing = 0;
		};
/* End PBXFrameworksBuildPhase section */

/* Begin PBXGroup section */
		6C7D7B581B72A81F0023BE67 = {
			isa = PBXGroup;
			children = (
				6C7D7B631B72A81F0023BE67 /* JsonExample */,
				6C7D7B7D1B72A81F0023BE67 /* JsonExampleTests */,
				6C7D7B621B72A81F0023BE67 /* Products */,
			);
			sourceTree = "<group>";
		};
		6C7D7B621B72A81F0023BE67 /* Products */ = {
			isa = PBXGroup;
			children = (
				6C7D7B611B72A81F0023BE67 /* JsonExample.app */,
				6C7D7B7A1B72A81F0023BE67 /* JsonExampleTests.xctest */,
			);
			name = Products;
			sourceTree = "<group>";
		};
		6C7D7B631B72A81F0023BE67 /* JsonExample */ = {
			isa = PBXGroup;
			children = (
				6C7D7B681B72A81F0023BE67 /* AppDelegate.h */,
				6C7D7B691B72A81F0023BE67 /* AppDelegate.m */,
				6C7D7B6B1B72A81F0023BE67 /* ViewController.h */,
				6C7D7B6C1B72A81F0023BE67 /* ViewController.m */,
				6C7D7B6E1B72A81F0023BE67 /* Main.storyboard */,
				6C7D7B711B72A81F0023BE67 /* Images.xcassets */,
				6C7D7B731B72A81F0023BE67 /* LaunchScreen.xib */,
				6C7D7B641B72A81F0023BE67 /* Supporting Files */,
			);
			path = JsonExample;
			sourceTree = "<group>";
		};
		6C7D7B641B72A81F0023BE67 /* Supporting Files */ = {
			isa = PBXGroup;
			children = (
				6C7D7B651B72A81F0023BE67 /* Info.plist */,
				6C7D7B661B72A81F0023BE67 /* main.m */,
			);
			name = "Supporting Files";
			sourceTree = "<group>";
		};
		6C7D7B7D1B72A81F0023BE67 /* JsonExampleTests */ = {
			isa = PBXGroup;
			children = (
				6C7D7B801B72A81F0023BE67 /* JsonExampleTests.m */,
				6C7D7B7E1B72A81F0023BE67 /* Supporting Files */,
			);
			path = JsonExampleTests;
			sourceTree = "<group>";
		};
		6C7D7B7E1B72A81F0023BE67 /* Supporting Files */ = {
			isa = PBXGroup;
			children = (
				6C7D7B7F1B72A81F0023BE67 /* Info.plist */,
			);
			name = "Supporting Files";
			sourceTree = "<group>";
		};
/* End PBXGroup section */

/* Begin PBXNativeTarget section */
		6C7D7B601B72A81F0023BE67 /* JsonExample */ = {
			isa = PBXNativeTarget;
			buildConfigurationList = 6C7D7B841B72A81F0023BE67 /* Build configuration list for PBXNativeTarget "JsonExample" */;
			buildPhases = (
				6C7D7B5D1B72A81F0023BE67 /* Sources */,
				6C7D7B5E1B72A81F0023BE67 /* Frameworks */,
				6C7D7B5F1B72A81F0023BE67 /* Resources */,
			);
			buildRules = (
			);
			dependencies = (
			);
			name = JsonExample;
			productName = JsonExample;
			productReference = 6C7D7B611B72A81F0023BE67 /* JsonExample.app */;
			productType = "com.apple.product-type.application";
		};
		6C7D7B791B72A81F0023BE67 /* JsonExampleTests */ = {
			isa = PBXNativeTarget;
			buildConfigurationList = 6C7D7B871B72A81F0023BE67 /* Build configuration list for PBXNativeTarget "JsonExampleTests" */;
			buildPhases = (
				6C7D7B761B72A81F0023BE67 /* Sources */,
				6C7D7B771B72A81F0023BE67 /* Frameworks */,
				6C7D7B781B72A81F0023BE67 /* Resources */,
			);
			buildRules = (
			);
			dependencies = (
				6C7D7B7C1B72A81F0023BE67 /* PBXTargetDependency */,
			);
			name = JsonExampleTests;
			productName = JsonExampleTests;
			productReference = 6C7D7B7A1B72A81F0023BE67 /* JsonExampleTests.xctest */;
			productType = "com.apple.product-type.bundle.unit-test";
		};
/* End PBXNativeTarget section */

/* Begin PBXProject section */
		6C7D7B591B72A81F0023BE67 /* Project object */ = {
			isa = PBXProject;
			attributes = {
				LastUpgradeCheck = 0640;
				ORGANIZATIONNAME = "Wenqian Xu";
				TargetAttributes = {
					6C7D7B601B72A81F0023BE67 = {
						CreatedOnToolsVersion = 6.4;
					};
					6C7D7B791B72A81F0023BE67 = {
						CreatedOnToolsVersion = 6.4;
						TestTargetID = 6C7D7B601B72A81F0023BE67;
					};
				};
			};
			buildConfigurationList = 6C7D7B5C1B72A81F0023BE67 /* Build configuration list for PBXProject "JsonExample" */;
			compatibilityVersion = "Xcode 3.2";
			developmentRegion = English;
			hasScannedForEncodings = 0;
			knownRegions = (
				en,
				Base,
			);
			mainGroup = 6C7D7B581B72A81F0023BE67;
			productRefGroup = 6C7D7B621B72A81F0023BE67 /* Products */;
			projectDirPath = "";
			projectRoot = "";
			targets = (
				6C7D7B601B72A81F0023BE67 /* JsonExample */,
				6C7D7B791B72A81F0023BE67 /* JsonExampleTests */,
			);
		};
/* End PBXProject section */

/* Begin PBXResourcesBuildPhase section */
		6C7D7B5F1B72A81F0023BE67 /* Resources */ = {
			isa = PBXResourcesBuildPhase;
			buildActionMask = 2147483647;
			files = (
				6C7D7B701B72A81F0023BE67 /* Main.storyboard in Resources */,
				6C7D7B751B72A81F0023BE67 /* LaunchScreen.xib in Resources */,
				6C7D7B721B72A81F0023BE67 /* Images.xcassets in Resources */,
			);
			runOnlyForDeploymentPostprocessing = 0;
		};
		6C7D7B781B72A81F0023BE67 /* Resources */ = {
			isa = PBXResourcesBuildPhase;
			buildActionMask = 2147483647;
			files = (
			);
			runOnlyForDeploymentPostprocessing = 0;
		};
/* End PBXResourcesBuildPhase section */

/* Begin PBXSourcesBuildPhase section */
		6C7D7B5D1B72A81F0023BE67 /* Sources */ = {
			isa = PBXSourcesBuildPhase;
			buildActionMask = 2147483647;
			files = (
				6C7D7B6D1B72A81F0023BE67 /* ViewController.m in Sources */,
				6C7D7B6A1B72A81F0023BE67 /* AppDelegate.m in Sources */,
				6C7D7B671B72A81F0023BE67 /* main.m in Sources */,
			);
			runOnlyForDeploymentPostprocessing = 0;
		};
		6C7D7B761B72A81F0023BE67 /* Sources */ = {
			isa = PBXSourcesBuildPhase;
			buildActionMask = 2147483647;
			files = (
				6C7D7B811B72A81F0023BE67 /* JsonExampleTests.m in Sources */,
			);
			runOnlyForDeploymentPostprocessing = 0;
		};
/* End PBXSourcesBuildPhase section */

/* Begin PBXTargetDependency section */
		6C7D7B7C1B72A81F0023BE67 /* PBXTargetDependency */ = {
			isa = PBXTargetDependency;
			target = 6C7D7B601B72A81F0023BE67 /* JsonExample */;
			targetProxy = 6C7D7B7B1B72A81F0023BE67 /* PBXContainerItemProxy */;
		};
/* End PBXTargetDependency section */

/* Begin PBXVariantGroup section */
		6C7D7B6E1B72A81F0023BE67 /* Main.storyboard */ = {
			isa = PBXVariantGroup;
			children = (
				6C7D7B6F1B72A81F0023BE67 /* Base */,
			);
			name = Main.storyboard;
			sourceTree = "<group>";
		};
		6C7D7B731B72A81F0023BE67 /* LaunchScreen.xib */ = {
			isa = PBXVariantGroup;
			children = (
				6C7D7B741B72A81F0023BE67 /* Base */,
			);
			name = LaunchScreen.xib;
			sourceTree = "<group>";
		};
/* End PBXVariantGroup section */

/* Begin XCBuildConfiguration section */
		6C7D7B821B72A81F0023BE67 /* Debug */ = {
			isa = XCBuildConfiguration;
			buildSettings = {
				ALWAYS_SEARCH_USER_PATHS = NO;
				CLANG_CXX_LANGUAGE_STANDARD = "gnu++0x";
				CLANG_CXX_LIBRARY = "libc++";
				CLANG_ENABLE_MODULES = YES;
				CLANG_ENABLE_OBJC_ARC = YES;
				CLANG_WARN_BOOL_CONVERSION = YES;
				CLANG_WARN_CONSTANT_CONVERSION = YES;
				CLANG_WARN_DIRECT_OBJC_ISA_USAGE = YES_ERROR;
				CLANG_WARN_EMPTY_BODY = YES;
				CLANG_WARN_ENUM_CONVERSION = YES;
				CLANG_WARN_INT_CONVERSION = YES;
				CLANG_WARN_OBJC_ROOT_CLASS = YES_ERROR;
				CLANG_WARN_UNREACHABLE_CODE = YES;
				CLANG_WARN__DUPLICATE_METHOD_MATCH = YES;
				"CODE_SIGN_IDENTITY[sdk=iphoneos*]" = "iPhone Developer";
				COPY_PHASE_STRIP = NO;
				DEBUG_INFORMATION_FORMAT = "dwarf-with-dsym";
				ENABLE_STRICT_OBJC_MSGSEND = YES;
				GCC_C_LANGUAGE_STANDARD = gnu99;
				GCC_DYNAMIC_NO_PIC = NO;
				GCC_NO_COMMON_BLOCKS = YES;
				GCC_OPTIMIZATION_LEVEL = 0;
				GCC_PREPROCESSOR_DEFINITIONS = (
					"DEBUG=1",
					"$(inherited)",
				);
				GCC_SYMBOLS_PRIVATE_EXTERN = NO;
				GCC_WARN_64_TO_32_BIT_CONVERSION = YES;
				GCC_WARN_ABOUT_RETURN_TYPE = YES_ERROR;
				GCC_WARN_UNDECLARED_SELECTOR = YES;
				GCC_WARN_UNINITIALIZED_AUTOS = YES_AGGRESSIVE;
				GCC_WARN_UNUSED_FUNCTION = YES;
				GCC_WARN_UNUSED_VARIABLE = YES;
				IPHONEOS_DEPLOYMENT_TARGET = 8.4;
				MTL_ENABLE_DEBUG_INFO = YES;
				ONLY_ACTIVE_ARCH = YES;
				SDKROOT = iphoneos;
			};
			name = Debug;
		};
		6C7D7B831B72A81F0023BE67 /* Release */ = {
			isa = XCBuildConfiguration;
			buildSettings = {
				ALWAYS_SEARCH_USER_PATHS = NO;
				CLANG_CXX_LANGUAGE_STANDARD = "gnu++0x";
				CLANG_CXX_LIBRARY = "libc++";
				CLANG_ENABLE_MODULES = YES;
				CLANG_ENABLE_OBJC_ARC = YES;
				CLANG_WARN_BOOL_CONVERSION = YES;
				CLANG_WARN_CONSTANT_CONVERSION = YES;
				CLANG_WARN_DIRECT_OBJC_ISA_USAGE = YES_ERROR;
				CLANG_WARN_EMPTY_BODY = YES;
				CLANG_WARN_ENUM_CONVERSION = YES;
				CLANG_WARN_INT_CONVERSION = YES;
				CLANG_WARN_OBJC_ROOT_CLASS = YES_ERROR;
				CLANG_WARN_UNREACHABLE_CODE = YES;
				CLANG_WARN__DUPLICATE_METHOD_MATCH = YES;
				"CODE_SIGN_IDENTITY[sdk=iphoneos*]" = "iPhone Developer";
				COPY_PHASE_STRIP = NO;
				DEBUG_INFORMATION_FORMAT = "dwarf-with-dsym";
				ENABLE_NS_ASSERTIONS = NO;
				ENABLE_STRICT_OBJC_MSGSEND = YES;
				GCC_C_LANGUAGE_STANDARD = gnu99;
				GCC_NO_COMMON_BLOCKS = YES;
				GCC_WARN_64_TO_32_BIT_CONVERSION = YES;
				GCC_WARN_ABOUT_RETURN_TYPE = YES_ERROR;
				GCC_WARN_UNDECLARED_SELECTOR = YES;
				GCC_WARN_UNINITIALIZED_AUTOS = YES_AGGRESSIVE;
				GCC_WARN_UNUSED_FUNCTION = YES;
				GCC_WARN_UNUSED_VARIABLE = YES;
				IPHONEOS_DEPLOYMENT_TARGET = 8.4;
				MTL_ENABLE_DEBUG_INFO = NO;
				SDKROOT = iphoneos;
				VALIDATE_PRODUCT = YES;
			};
			name = Release;
		};
		6C7D7B851B72A81F0023BE67 /* Debug */ = {
			isa = XCBuildConfiguration;
			buildSettings = {
				ASSETCATALOG_COMPILER_APPICON_NAME = AppIcon;
				INFOPLIST_FILE = JsonExample/Info.plist;
				LD_RUNPATH_SEARCH_PATHS = "$(inherited) @executable_path/Frameworks";
				PRODUCT_NAME = "$(TARGET_NAME)";
			};
			name = Debug;
		};
		6C7D7B861B72A81F0023BE67 /* Release */ = {
			isa = XCBuildConfiguration;
			buildSettings = {
				ASSETCATALOG_COMPILER_APPICON_NAME = AppIcon;
				INFOPLIST_FILE = JsonExample/Info.plist;
				LD_RUNPATH_SEARCH_PATHS = "$(inherited) @executable_path/Frameworks";
				PRODUCT_NAME = "$(TARGET_NAME)";
			};
			name = Release;
		};
		6C7D7B881B72A81F0023BE67 /* Debug */ = {
			isa = XCBuildConfiguration;
			buildSettings = {
				BUNDLE_LOADER = "$(TEST_HOST)";
				FRAMEWORK_SEARCH_PATHS = (
					"$(SDKROOT)/Developer/Library/Frameworks",
					"$(inherited)",
				);
				GCC_PREPROCESSOR_DEFINITIONS = (
					"DEBUG=1",
					"$(inherited)",
				);
				INFOPLIST_FILE = JsonExampleTests/Info.plist;
				LD_RUNPATH_SEARCH_PATHS = "$(inherited) @executable_path/Frameworks @loader_path/Frameworks";
				PRODUCT_NAME = "$(TARGET_NAME)";
				TEST_HOST = "$(BUILT_PRODUCTS_DIR)/JsonExample.app/JsonExample";
			};
			name = Debug;
		};
		6C7D7B891B72A81F0023BE67 /* Release */ = {
			isa = XCBuildConfiguration;
			buildSettings = {
				BUNDLE_LOADER = "$(TEST_HOST)";
				FRAMEWORK_SEARCH_PATHS = (
					"$(SDKROOT)/Developer/Library/Frameworks",
					"$(inherited)",
				);
				INFOPLIST_FILE = JsonExampleTests/Info.plist;
				LD_RUNPATH_SEARCH_PATHS = "$(inherited) @executable_path/Frameworks @loader_path/Frameworks";
				PRODUCT_NAME = "$(TARGET_NAME)";
				TEST_HOST = "$(BUILT_PRODUCTS_DIR)/JsonExample.app/JsonExample";
			};
			name = Release;
		};
/* End XCBuildConfiguration section */

/* Begin XCConfigurationList section */
		6C7D7B5C1B72A81F0023BE67 /* Build configuration list for PBXProject "JsonExample" */ = {
			isa = XCConfigurationList;
			buildConfigurations = (
				6C7D7B821B72A81F0023BE67 /* Debug */,
				6C7D7B831B72A81F0023BE67 /* Release */,
			);
			defaultConfigurationIsVisible = 0;
			defaultConfigurationName = Release;
		};
		6C7D7B841B72A81F0023BE67 /* Build configuration list for PBXNativeTarget "JsonExample" */ = {
			isa = XCConfigurationList;
			buildConfigurations = (
				6C7D7B851B72A81F0023BE67 /* Debug */,
				6C7D7B861B72A81F0023BE67 /* Release */,
			);
			defaultConfigurationIsVisible = 0;
		};
		6C7D7B871B72A81F0023BE67 /* Build configuration list for PBXNativeTarget "JsonExampleTests" */ = {
			isa = XCConfigurationList;
			buildConfigurations = (
				6C7D7B881B72A81F0023BE67 /* Debug */,
				6C7D7B891B72A81F0023BE67 /* Release */,
			);
			defaultConfigurationIsVisible = 0;
		};
/* End XCConfigurationList section */
	};
	rootObject = 6C7D7B591B72A81F0023BE67 /* Project object */;
}
