// !$*UTF8*$!
{
	archiveVersion = 1;
	classes = {
	};
	objectVersion = 46;
	objects = {

/* Begin PBXBuildFile section */
		6CF305D01BA4746700E19221 /* AppDelegate.swift in Sources */ = {isa = PBXBuildFile; fileRef = 6CF305CF1BA4746700E19221 /* AppDelegate.swift */; };
		6CF305D21BA4746700E19221 /* FirstViewController.swift in Sources */ = {isa = PBXBuildFile; fileRef = 6CF305D11BA4746700E19221 /* FirstViewController.swift */; };
		6CF305D41BA4746700E19221 /* SecondViewController.swift in Sources */ = {isa = PBXBuildFile; fileRef = 6CF305D31BA4746700E19221 /* SecondViewController.swift */; };
		6CF305D71BA4746700E19221 /* Main.storyboard in Resources */ = {isa = PBXBuildFile; fileRef = 6CF305D51BA4746700E19221 /* Main.storyboard */; };
		6CF305D91BA4746700E19221 /* Images.xcassets in Resources */ = {isa = PBXBuildFile; fileRef = 6CF305D81BA4746700E19221 /* Images.xcassets */; };
		6CF305DC1BA4746700E19221 /* LaunchScreen.xib in Resources */ = {isa = PBXBuildFile; fileRef = 6CF305DA1BA4746700E19221 /* LaunchScreen.xib */; };
		6CF305E81BA4746700E19221 /* To_Do_ListTests.swift in Sources */ = {isa = PBXBuildFile; fileRef = 6CF305E71BA4746700E19221 /* To_Do_ListTests.swift */; };
/* End PBXBuildFile section */

/* Begin PBXContainerItemProxy section */
		6CF305E21BA4746700E19221 /* PBXContainerItemProxy */ = {
			isa = PBXContainerItemProxy;
			containerPortal = 6CF305C21BA4746700E19221 /* Project object */;
			proxyType = 1;
			remoteGlobalIDString = 6CF305C91BA4746700E19221;
			remoteInfo = "To Do List";
		};
/* End PBXContainerItemProxy section */

/* Begin PBXFileReference section */
		6CF305CA1BA4746700E19221 /* To Do List.app */ = {isa = PBXFileReference; explicitFileType = wrapper.application; includeInIndex = 0; path = "To Do List.app"; sourceTree = BUILT_PRODUCTS_DIR; };
		6CF305CE1BA4746700E19221 /* Info.plist */ = {isa = PBXFileReference; lastKnownFileType = text.plist.xml; path = Info.plist; sourceTree = "<group>"; };
		6CF305CF1BA4746700E19221 /* AppDelegate.swift */ = {isa = PBXFileReference; lastKnownFileType = sourcecode.swift; path = AppDelegate.swift; sourceTree = "<group>"; };
		6CF305D11BA4746700E19221 /* FirstViewController.swift */ = {isa = PBXFileReference; lastKnownFileType = sourcecode.swift; path = FirstViewController.swift; sourceTree = "<group>"; };
		6CF305D31BA4746700E19221 /* SecondViewController.swift */ = {isa = PBXFileReference; lastKnownFileType = sourcecode.swift; path = SecondViewController.swift; sourceTree = "<group>"; };
		6CF305D61BA4746700E19221 /* Base */ = {isa = PBXFileReference; lastKnownFileType = file.storyboard; name = Base; path = Base.lproj/Main.storyboard; sourceTree = "<group>"; };
		6CF305D81BA4746700E19221 /* Images.xcassets */ = {isa = PBXFileReference; lastKnownFileType = folder.assetcatalog; path = Images.xcassets; sourceTree = "<group>"; };
		6CF305DB1BA4746700E19221 /* Base */ = {isa = PBXFileReference; lastKnownFileType = file.xib; name = Base; path = Base.lproj/LaunchScreen.xib; sourceTree = "<group>"; };
		6CF305E11BA4746700E19221 /* To Do ListTests.xctest */ = {isa = PBXFileReference; explicitFileType = wrapper.cfbundle; includeInIndex = 0; path = "To Do ListTests.xctest"; sourceTree = BUILT_PRODUCTS_DIR; };
		6CF305E61BA4746700E19221 /* Info.plist */ = {isa = PBXFileReference; lastKnownFileType = text.plist.xml; path = Info.plist; sourceTree = "<group>"; };
		6CF305E71BA4746700E19221 /* To_Do_ListTests.swift */ = {isa = PBXFileReference; lastKnownFileType = sourcecode.swift; path = To_Do_ListTests.swift; sourceTree = "<group>"; };
/* End PBXFileReference section */

/* Begin PBXFrameworksBuildPhase section */
		6CF305C71BA4746700E19221 /* Frameworks */ = {
			isa = PBXFrameworksBuildPhase;
			buildActionMask = 2147483647;
			files = (
			);
			runOnlyForDeploymentPostprocessing = 0;
		};
		6CF305DE1BA4746700E19221 /* Frameworks */ = {
			isa = PBXFrameworksBuildPhase;
			buildActionMask = 2147483647;
			files = (
			);
			runOnlyForDeploymentPostprocessing = 0;
		};
/* End PBXFrameworksBuildPhase section */

/* Begin PBXGroup section */
		6CF305C11BA4746700E19221 = {
			isa = PBXGroup;
			children = (
				6CF305CC1BA4746700E19221 /* To Do List */,
				6CF305E41BA4746700E19221 /* To Do ListTests */,
				6CF305CB1BA4746700E19221 /* Products */,
			);
			sourceTree = "<group>";
		};
		6CF305CB1BA4746700E19221 /* Products */ = {
			isa = PBXGroup;
			children = (
				6CF305CA1BA4746700E19221 /* To Do List.app */,
				6CF305E11BA4746700E19221 /* To Do ListTests.xctest */,
			);
			name = Products;
			sourceTree = "<group>";
		};
		6CF305CC1BA4746700E19221 /* To Do List */ = {
			isa = PBXGroup;
			children = (
				6CF305CF1BA4746700E19221 /* AppDelegate.swift */,
				6CF305D11BA4746700E19221 /* FirstViewController.swift */,
				6CF305D31BA4746700E19221 /* SecondViewController.swift */,
				6CF305D51BA4746700E19221 /* Main.storyboard */,
				6CF305D81BA4746700E19221 /* Images.xcassets */,
				6CF305DA1BA4746700E19221 /* LaunchScreen.xib */,
				6CF305CD1BA4746700E19221 /* Supporting Files */,
			);
			path = "To Do List";
			sourceTree = "<group>";
		};
		6CF305CD1BA4746700E19221 /* Supporting Files */ = {
			isa = PBXGroup;
			children = (
				6CF305CE1BA4746700E19221 /* Info.plist */,
			);
			name = "Supporting Files";
			sourceTree = "<group>";
		};
		6CF305E41BA4746700E19221 /* To Do ListTests */ = {
			isa = PBXGroup;
			children = (
				6CF305E71BA4746700E19221 /* To_Do_ListTests.swift */,
				6CF305E51BA4746700E19221 /* Supporting Files */,
			);
			path = "To Do ListTests";
			sourceTree = "<group>";
		};
		6CF305E51BA4746700E19221 /* Supporting Files */ = {
			isa = PBXGroup;
			children = (
				6CF305E61BA4746700E19221 /* Info.plist */,
			);
			name = "Supporting Files";
			sourceTree = "<group>";
		};
/* End PBXGroup section */

/* Begin PBXNativeTarget section */
		6CF305C91BA4746700E19221 /* To Do List */ = {
			isa = PBXNativeTarget;
			buildConfigurationList = 6CF305EB1BA4746700E19221 /* Build configuration list for PBXNativeTarget "To Do List" */;
			buildPhases = (
				6CF305C61BA4746700E19221 /* Sources */,
				6CF305C71BA4746700E19221 /* Frameworks */,
				6CF305C81BA4746700E19221 /* Resources */,
			);
			buildRules = (
			);
			dependencies = (
			);
			name = "To Do List";
			productName = "To Do List";
			productReference = 6CF305CA1BA4746700E19221 /* To Do List.app */;
			productType = "com.apple.product-type.application";
		};
		6CF305E01BA4746700E19221 /* To Do ListTests */ = {
			isa = PBXNativeTarget;
			buildConfigurationList = 6CF305EE1BA4746700E19221 /* Build configuration list for PBXNativeTarget "To Do ListTests" */;
			buildPhases = (
				6CF305DD1BA4746700E19221 /* Sources */,
				6CF305DE1BA4746700E19221 /* Frameworks */,
				6CF305DF1BA4746700E19221 /* Resources */,
			);
			buildRules = (
			);
			dependencies = (
				6CF305E31BA4746700E19221 /* PBXTargetDependency */,
			);
			name = "To Do ListTests";
			productName = "To Do ListTests";
			productReference = 6CF305E11BA4746700E19221 /* To Do ListTests.xctest */;
			productType = "com.apple.product-type.bundle.unit-test";
		};
/* End PBXNativeTarget section */

/* Begin PBXProject section */
		6CF305C21BA4746700E19221 /* Project object */ = {
			isa = PBXProject;
			attributes = {
				LastUpgradeCheck = 0640;
				ORGANIZATIONNAME = "Wenqian Xu";
				TargetAttributes = {
					6CF305C91BA4746700E19221 = {
						CreatedOnToolsVersion = 6.4;
					};
					6CF305E01BA4746700E19221 = {
						CreatedOnToolsVersion = 6.4;
						TestTargetID = 6CF305C91BA4746700E19221;
					};
				};
			};
			buildConfigurationList = 6CF305C51BA4746700E19221 /* Build configuration list for PBXProject "To Do List" */;
			compatibilityVersion = "Xcode 3.2";
			developmentRegion = English;
			hasScannedForEncodings = 0;
			knownRegions = (
				en,
				Base,
			);
			mainGroup = 6CF305C11BA4746700E19221;
			productRefGroup = 6CF305CB1BA4746700E19221 /* Products */;
			projectDirPath = "";
			projectRoot = "";
			targets = (
				6CF305C91BA4746700E19221 /* To Do List */,
				6CF305E01BA4746700E19221 /* To Do ListTests */,
			);
		};
/* End PBXProject section */

/* Begin PBXResourcesBuildPhase section */
		6CF305C81BA4746700E19221 /* Resources */ = {
			isa = PBXResourcesBuildPhase;
			buildActionMask = 2147483647;
			files = (
				6CF305D71BA4746700E19221 /* Main.storyboard in Resources */,
				6CF305DC1BA4746700E19221 /* LaunchScreen.xib in Resources */,
				6CF305D91BA4746700E19221 /* Images.xcassets in Resources */,
			);
			runOnlyForDeploymentPostprocessing = 0;
		};
		6CF305DF1BA4746700E19221 /* Resources */ = {
			isa = PBXResourcesBuildPhase;
			buildActionMask = 2147483647;
			files = (
			);
			runOnlyForDeploymentPostprocessing = 0;
		};
/* End PBXResourcesBuildPhase section */

/* Begin PBXSourcesBuildPhase section */
		6CF305C61BA4746700E19221 /* Sources */ = {
			isa = PBXSourcesBuildPhase;
			buildActionMask = 2147483647;
			files = (
				6CF305D41BA4746700E19221 /* SecondViewController.swift in Sources */,
				6CF305D01BA4746700E19221 /* AppDelegate.swift in Sources */,
				6CF305D21BA4746700E19221 /* FirstViewController.swift in Sources */,
			);
			runOnlyForDeploymentPostprocessing = 0;
		};
		6CF305DD1BA4746700E19221 /* Sources */ = {
			isa = PBXSourcesBuildPhase;
			buildActionMask = 2147483647;
			files = (
				6CF305E81BA4746700E19221 /* To_Do_ListTests.swift in Sources */,
			);
			runOnlyForDeploymentPostprocessing = 0;
		};
/* End PBXSourcesBuildPhase section */

/* Begin PBXTargetDependency section */
		6CF305E31BA4746700E19221 /* PBXTargetDependency */ = {
			isa = PBXTargetDependency;
			target = 6CF305C91BA4746700E19221 /* To Do List */;
			targetProxy = 6CF305E21BA4746700E19221 /* PBXContainerItemProxy */;
		};
/* End PBXTargetDependency section */

/* Begin PBXVariantGroup section */
		6CF305D51BA4746700E19221 /* Main.storyboard */ = {
			isa = PBXVariantGroup;
			children = (
				6CF305D61BA4746700E19221 /* Base */,
			);
			name = Main.storyboard;
			sourceTree = "<group>";
		};
		6CF305DA1BA4746700E19221 /* LaunchScreen.xib */ = {
			isa = PBXVariantGroup;
			children = (
				6CF305DB1BA4746700E19221 /* Base */,
			);
			name = LaunchScreen.xib;
			sourceTree = "<group>";
		};
/* End PBXVariantGroup section */

/* Begin XCBuildConfiguration section */
		6CF305E91BA4746700E19221 /* Debug */ = {
			isa = XCBuildConfiguration;
			buildSettings = {
				ALWAYS_SEARCH_USER_PATHS = NO;
				CLANG_CXX_LANGUAGE_STANDARD = "gnu++0x";
				CLANG_CXX_LIBRARY = "libc++";
				CLANG_ENABLE_MODULES = YES;
				CLANG_ENABLE_OBJC_ARC = YES;
				CLANG_WARN_BOOL_CONVERSION = YES;
				CLANG_WARN_CONSTANT_CONVERSION = YES;
				CLANG_WARN_DIRECT_OBJC_ISA_USAGE = YES_ERROR;
				CLANG_WARN_EMPTY_BODY = YES;
				CLANG_WARN_ENUM_CONVERSION = YES;
				CLANG_WARN_INT_CONVERSION = YES;
				CLANG_WARN_OBJC_ROOT_CLASS = YES_ERROR;
				CLANG_WARN_UNREACHABLE_CODE = YES;
				CLANG_WARN__DUPLICATE_METHOD_MATCH = YES;
				"CODE_SIGN_IDENTITY[sdk=iphoneos*]" = "iPhone Developer";
				COPY_PHASE_STRIP = NO;
				DEBUG_INFORMATION_FORMAT = "dwarf-with-dsym";
				ENABLE_STRICT_OBJC_MSGSEND = YES;
				GCC_C_LANGUAGE_STANDARD = gnu99;
				GCC_DYNAMIC_NO_PIC = NO;
				GCC_NO_COMMON_BLOCKS = YES;
				GCC_OPTIMIZATION_LEVEL = 0;
				GCC_PREPROCESSOR_DEFINITIONS = (
					"DEBUG=1",
					"$(inherited)",
				);
				GCC_SYMBOLS_PRIVATE_EXTERN = NO;
				GCC_WARN_64_TO_32_BIT_CONVERSION = YES;
				GCC_WARN_ABOUT_RETURN_TYPE = YES_ERROR;
				GCC_WARN_UNDECLARED_SELECTOR = YES;
				GCC_WARN_UNINITIALIZED_AUTOS = YES_AGGRESSIVE;
				GCC_WARN_UNUSED_FUNCTION = YES;
				GCC_WARN_UNUSED_VARIABLE = YES;
				IPHONEOS_DEPLOYMENT_TARGET = 8.4;
				MTL_ENABLE_DEBUG_INFO = YES;
				ONLY_ACTIVE_ARCH = YES;
				SDKROOT = iphoneos;
				SWIFT_OPTIMIZATION_LEVEL = "-Onone";
			};
			name = Debug;
		};
		6CF305EA1BA4746700E19221 /* Release */ = {
			isa = XCBuildConfiguration;
			buildSettings = {
				ALWAYS_SEARCH_USER_PATHS = NO;
				CLANG_CXX_LANGUAGE_STANDARD = "gnu++0x";
				CLANG_CXX_LIBRARY = "libc++";
				CLANG_ENABLE_MODULES = YES;
				CLANG_ENABLE_OBJC_ARC = YES;
				CLANG_WARN_BOOL_CONVERSION = YES;
				CLANG_WARN_CONSTANT_CONVERSION = YES;
				CLANG_WARN_DIRECT_OBJC_ISA_USAGE = YES_ERROR;
				CLANG_WARN_EMPTY_BODY = YES;
				CLANG_WARN_ENUM_CONVERSION = YES;
				CLANG_WARN_INT_CONVERSION = YES;
				CLANG_WARN_OBJC_ROOT_CLASS = YES_ERROR;
				CLANG_WARN_UNREACHABLE_CODE = YES;
				CLANG_WARN__DUPLICATE_METHOD_MATCH = YES;
				"CODE_SIGN_IDENTITY[sdk=iphoneos*]" = "iPhone Developer";
				COPY_PHASE_STRIP = NO;
				DEBUG_INFORMATION_FORMAT = "dwarf-with-dsym";
				ENABLE_NS_ASSERTIONS = NO;
				ENABLE_STRICT_OBJC_MSGSEND = YES;
				GCC_C_LANGUAGE_STANDARD = gnu99;
				GCC_NO_COMMON_BLOCKS = YES;
				GCC_WARN_64_TO_32_BIT_CONVERSION = YES;
				GCC_WARN_ABOUT_RETURN_TYPE = YES_ERROR;
				GCC_WARN_UNDECLARED_SELECTOR = YES;
				GCC_WARN_UNINITIALIZED_AUTOS = YES_AGGRESSIVE;
				GCC_WARN_UNUSED_FUNCTION = YES;
				GCC_WARN_UNUSED_VARIABLE = YES;
				IPHONEOS_DEPLOYMENT_TARGET = 8.4;
				MTL_ENABLE_DEBUG_INFO = NO;
				SDKROOT = iphoneos;
				VALIDATE_PRODUCT = YES;
			};
			name = Release;
		};
		6CF305EC1BA4746700E19221 /* Debug */ = {
			isa = XCBuildConfiguration;
			buildSettings = {
				ASSETCATALOG_COMPILER_APPICON_NAME = AppIcon;
				INFOPLIST_FILE = "To Do List/Info.plist";
				LD_RUNPATH_SEARCH_PATHS = "$(inherited) @executable_path/Frameworks";
				PRODUCT_NAME = "$(TARGET_NAME)";
			};
			name = Debug;
		};
		6CF305ED1BA4746700E19221 /* Release */ = {
			isa = XCBuildConfiguration;
			buildSettings = {
				ASSETCATALOG_COMPILER_APPICON_NAME = AppIcon;
				INFOPLIST_FILE = "To Do List/Info.plist";
				LD_RUNPATH_SEARCH_PATHS = "$(inherited) @executable_path/Frameworks";
				PRODUCT_NAME = "$(TARGET_NAME)";
			};
			name = Release;
		};
		6CF305EF1BA4746700E19221 /* Debug */ = {
			isa = XCBuildConfiguration;
			buildSettings = {
				BUNDLE_LOADER = "$(TEST_HOST)";
				FRAMEWORK_SEARCH_PATHS = (
					"$(SDKROOT)/Developer/Library/Frameworks",
					"$(inherited)",
				);
				GCC_PREPROCESSOR_DEFINITIONS = (
					"DEBUG=1",
					"$(inherited)",
				);
				INFOPLIST_FILE = "To Do ListTests/Info.plist";
				LD_RUNPATH_SEARCH_PATHS = "$(inherited) @executable_path/Frameworks @loader_path/Frameworks";
				PRODUCT_NAME = "$(TARGET_NAME)";
				TEST_HOST = "$(BUILT_PRODUCTS_DIR)/To Do List.app/To Do List";
			};
			name = Debug;
		};
		6CF305F01BA4746700E19221 /* Release */ = {
			isa = XCBuildConfiguration;
			buildSettings = {
				BUNDLE_LOADER = "$(TEST_HOST)";
				FRAMEWORK_SEARCH_PATHS = (
					"$(SDKROOT)/Developer/Library/Frameworks",
					"$(inherited)",
				);
				INFOPLIST_FILE = "To Do ListTests/Info.plist";
				LD_RUNPATH_SEARCH_PATHS = "$(inherited) @executable_path/Frameworks @loader_path/Frameworks";
				PRODUCT_NAME = "$(TARGET_NAME)";
				TEST_HOST = "$(BUILT_PRODUCTS_DIR)/To Do List.app/To Do List";
			};
			name = Release;
		};
/* End XCBuildConfiguration section */

/* Begin XCConfigurationList section */
		6CF305C51BA4746700E19221 /* Build configuration list for PBXProject "To Do List" */ = {
			isa = XCConfigurationList;
			buildConfigurations = (
				6CF305E91BA4746700E19221 /* Debug */,
				6CF305EA1BA4746700E19221 /* Release */,
			);
			defaultConfigurationIsVisible = 0;
			defaultConfigurationName = Release;
		};
		6CF305EB1BA4746700E19221 /* Build configuration list for PBXNativeTarget "To Do List" */ = {
			isa = XCConfigurationList;
			buildConfigurations = (
				6CF305EC1BA4746700E19221 /* Debug */,
				6CF305ED1BA4746700E19221 /* Release */,
			);
			defaultConfigurationIsVisible = 0;
		};
		6CF305EE1BA4746700E19221 /* Build configuration list for PBXNativeTarget "To Do ListTests" */ = {
			isa = XCConfigurationList;
			buildConfigurations = (
				6CF305EF1BA4746700E19221 /* Debug */,
				6CF305F01BA4746700E19221 /* Release */,
			);
			defaultConfigurationIsVisible = 0;
		};
/* End XCConfigurationList section */
	};
	rootObject = 6CF305C21BA4746700E19221 /* Project object */;
}
