// !$*UTF8*$!
{
	archiveVersion = 1;
	classes = {
	};
	objectVersion = 46;
	objects = {

/* Begin PBXBuildFile section */
		6C8A08111BA85C07002BA564 /* AppDelegate.swift in Sources */ = {isa = PBXBuildFile; fileRef = 6C8A08101BA85C07002BA564 /* AppDelegate.swift */; };
		6C8A08131BA85C07002BA564 /* ViewController.swift in Sources */ = {isa = PBXBuildFile; fileRef = 6C8A08121BA85C07002BA564 /* ViewController.swift */; };
		6C8A08161BA85C07002BA564 /* Main.storyboard in Resources */ = {isa = PBXBuildFile; fileRef = 6C8A08141BA85C07002BA564 /* Main.storyboard */; };
		6C8A08181BA85C07002BA564 /* Images.xcassets in Resources */ = {isa = PBXBuildFile; fileRef = 6C8A08171BA85C07002BA564 /* Images.xcassets */; };
		6C8A081B1BA85C07002BA564 /* LaunchScreen.xib in Resources */ = {isa = PBXBuildFile; fileRef = 6C8A08191BA85C07002BA564 /* LaunchScreen.xib */; };
		6C8A08271BA85C08002BA564 /* What_s_the_weatherTests.swift in Sources */ = {isa = PBXBuildFile; fileRef = 6C8A08261BA85C08002BA564 /* What_s_the_weatherTests.swift */; };
		6C8A08311BA85DD7002BA564 /* IMG_20150829_124613.png in Resources */ = {isa = PBXBuildFile; fileRef = 6C8A08301BA85DD7002BA564 /* IMG_20150829_124613.png */; };
/* End PBXBuildFile section */

/* Begin PBXContainerItemProxy section */
		6C8A08211BA85C08002BA564 /* PBXContainerItemProxy */ = {
			isa = PBXContainerItemProxy;
			containerPortal = 6C8A08031BA85C07002BA564 /* Project object */;
			proxyType = 1;
			remoteGlobalIDString = 6C8A080A1BA85C07002BA564;
			remoteInfo = "What's the weather";
		};
/* End PBXContainerItemProxy section */

/* Begin PBXFileReference section */
		6C8A080B1BA85C07002BA564 /* What's the weather.app */ = {isa = PBXFileReference; explicitFileType = wrapper.application; includeInIndex = 0; path = "What's the weather.app"; sourceTree = BUILT_PRODUCTS_DIR; };
		6C8A080F1BA85C07002BA564 /* Info.plist */ = {isa = PBXFileReference; lastKnownFileType = text.plist.xml; path = Info.plist; sourceTree = "<group>"; };
		6C8A08101BA85C07002BA564 /* AppDelegate.swift */ = {isa = PBXFileReference; lastKnownFileType = sourcecode.swift; path = AppDelegate.swift; sourceTree = "<group>"; };
		6C8A08121BA85C07002BA564 /* ViewController.swift */ = {isa = PBXFileReference; lastKnownFileType = sourcecode.swift; path = ViewController.swift; sourceTree = "<group>"; };
		6C8A08151BA85C07002BA564 /* Base */ = {isa = PBXFileReference; lastKnownFileType = file.storyboard; name = Base; path = Base.lproj/Main.storyboard; sourceTree = "<group>"; };
		6C8A08171BA85C07002BA564 /* Images.xcassets */ = {isa = PBXFileReference; lastKnownFileType = folder.assetcatalog; path = Images.xcassets; sourceTree = "<group>"; };
		6C8A081A1BA85C07002BA564 /* Base */ = {isa = PBXFileReference; lastKnownFileType = file.xib; name = Base; path = Base.lproj/LaunchScreen.xib; sourceTree = "<group>"; };
		6C8A08201BA85C08002BA564 /* What's the weatherTests.xctest */ = {isa = PBXFileReference; explicitFileType = wrapper.cfbundle; includeInIndex = 0; path = "What's the weatherTests.xctest"; sourceTree = BUILT_PRODUCTS_DIR; };
		6C8A08251BA85C08002BA564 /* Info.plist */ = {isa = PBXFileReference; lastKnownFileType = text.plist.xml; path = Info.plist; sourceTree = "<group>"; };
		6C8A08261BA85C08002BA564 /* What_s_the_weatherTests.swift */ = {isa = PBXFileReference; lastKnownFileType = sourcecode.swift; path = What_s_the_weatherTests.swift; sourceTree = "<group>"; };
		6C8A08301BA85DD7002BA564 /* IMG_20150829_124613.png */ = {isa = PBXFileReference; lastKnownFileType = image.png; path = IMG_20150829_124613.png; sourceTree = "<group>"; };
/* End PBXFileReference section */

/* Begin PBXFrameworksBuildPhase section */
		6C8A08081BA85C07002BA564 /* Frameworks */ = {
			isa = PBXFrameworksBuildPhase;
			buildActionMask = 2147483647;
			files = (
			);
			runOnlyForDeploymentPostprocessing = 0;
		};
		6C8A081D1BA85C08002BA564 /* Frameworks */ = {
			isa = PBXFrameworksBuildPhase;
			buildActionMask = 2147483647;
			files = (
			);
			runOnlyForDeploymentPostprocessing = 0;
		};
/* End PBXFrameworksBuildPhase section */

/* Begin PBXGroup section */
		6C8A08021BA85C07002BA564 = {
			isa = PBXGroup;
			children = (
				6C8A080D1BA85C07002BA564 /* What's the weather */,
				6C8A08231BA85C08002BA564 /* What's the weatherTests */,
				6C8A080C1BA85C07002BA564 /* Products */,
			);
			sourceTree = "<group>";
		};
		6C8A080C1BA85C07002BA564 /* Products */ = {
			isa = PBXGroup;
			children = (
				6C8A080B1BA85C07002BA564 /* What's the weather.app */,
				6C8A08201BA85C08002BA564 /* What's the weatherTests.xctest */,
			);
			name = Products;
			sourceTree = "<group>";
		};
		6C8A080D1BA85C07002BA564 /* What's the weather */ = {
			isa = PBXGroup;
			children = (
				6C8A08101BA85C07002BA564 /* AppDelegate.swift */,
				6C8A08121BA85C07002BA564 /* ViewController.swift */,
				6C8A08141BA85C07002BA564 /* Main.storyboard */,
				6C8A08301BA85DD7002BA564 /* IMG_20150829_124613.png */,
				6C8A08171BA85C07002BA564 /* Images.xcassets */,
				6C8A08191BA85C07002BA564 /* LaunchScreen.xib */,
				6C8A080E1BA85C07002BA564 /* Supporting Files */,
			);
			path = "What's the weather";
			sourceTree = "<group>";
		};
		6C8A080E1BA85C07002BA564 /* Supporting Files */ = {
			isa = PBXGroup;
			children = (
				6C8A080F1BA85C07002BA564 /* Info.plist */,
			);
			name = "Supporting Files";
			sourceTree = "<group>";
		};
		6C8A08231BA85C08002BA564 /* What's the weatherTests */ = {
			isa = PBXGroup;
			children = (
				6C8A08261BA85C08002BA564 /* What_s_the_weatherTests.swift */,
				6C8A08241BA85C08002BA564 /* Supporting Files */,
			);
			path = "What's the weatherTests";
			sourceTree = "<group>";
		};
		6C8A08241BA85C08002BA564 /* Supporting Files */ = {
			isa = PBXGroup;
			children = (
				6C8A08251BA85C08002BA564 /* Info.plist */,
			);
			name = "Supporting Files";
			sourceTree = "<group>";
		};
/* End PBXGroup section */

/* Begin PBXNativeTarget section */
		6C8A080A1BA85C07002BA564 /* What's the weather */ = {
			isa = PBXNativeTarget;
			buildConfigurationList = 6C8A082A1BA85C08002BA564 /* Build configuration list for PBXNativeTarget "What's the weather" */;
			buildPhases = (
				6C8A08071BA85C07002BA564 /* Sources */,
				6C8A08081BA85C07002BA564 /* Frameworks */,
				6C8A08091BA85C07002BA564 /* Resources */,
			);
			buildRules = (
			);
			dependencies = (
			);
			name = "What's the weather";
			productName = "What's the weather";
			productReference = 6C8A080B1BA85C07002BA564 /* What's the weather.app */;
			productType = "com.apple.product-type.application";
		};
		6C8A081F1BA85C08002BA564 /* What's the weatherTests */ = {
			isa = PBXNativeTarget;
			buildConfigurationList = 6C8A082D1BA85C08002BA564 /* Build configuration list for PBXNativeTarget "What's the weatherTests" */;
			buildPhases = (
				6C8A081C1BA85C08002BA564 /* Sources */,
				6C8A081D1BA85C08002BA564 /* Frameworks */,
				6C8A081E1BA85C08002BA564 /* Resources */,
			);
			buildRules = (
			);
			dependencies = (
				6C8A08221BA85C08002BA564 /* PBXTargetDependency */,
			);
			name = "What's the weatherTests";
			productName = "What's the weatherTests";
			productReference = 6C8A08201BA85C08002BA564 /* What's the weatherTests.xctest */;
			productType = "com.apple.product-type.bundle.unit-test";
		};
/* End PBXNativeTarget section */

/* Begin PBXProject section */
		6C8A08031BA85C07002BA564 /* Project object */ = {
			isa = PBXProject;
			attributes = {
				LastUpgradeCheck = 0640;
				ORGANIZATIONNAME = "Wenqian Xu";
				TargetAttributes = {
					6C8A080A1BA85C07002BA564 = {
						CreatedOnToolsVersion = 6.4;
					};
					6C8A081F1BA85C08002BA564 = {
						CreatedOnToolsVersion = 6.4;
						TestTargetID = 6C8A080A1BA85C07002BA564;
					};
				};
			};
			buildConfigurationList = 6C8A08061BA85C07002BA564 /* Build configuration list for PBXProject "What's the weather" */;
			compatibilityVersion = "Xcode 3.2";
			developmentRegion = English;
			hasScannedForEncodings = 0;
			knownRegions = (
				en,
				Base,
			);
			mainGroup = 6C8A08021BA85C07002BA564;
			productRefGroup = 6C8A080C1BA85C07002BA564 /* Products */;
			projectDirPath = "";
			projectRoot = "";
			targets = (
				6C8A080A1BA85C07002BA564 /* What's the weather */,
				6C8A081F1BA85C08002BA564 /* What's the weatherTests */,
			);
		};
/* End PBXProject section */

/* Begin PBXResourcesBuildPhase section */
		6C8A08091BA85C07002BA564 /* Resources */ = {
			isa = PBXResourcesBuildPhase;
			buildActionMask = 2147483647;
			files = (
				6C8A08161BA85C07002BA564 /* Main.storyboard in Resources */,
				6C8A08311BA85DD7002BA564 /* IMG_20150829_124613.png in Resources */,
				6C8A081B1BA85C07002BA564 /* LaunchScreen.xib in Resources */,
				6C8A08181BA85C07002BA564 /* Images.xcassets in Resources */,
			);
			runOnlyForDeploymentPostprocessing = 0;
		};
		6C8A081E1BA85C08002BA564 /* Resources */ = {
			isa = PBXResourcesBuildPhase;
			buildActionMask = 2147483647;
			files = (
			);
			runOnlyForDeploymentPostprocessing = 0;
		};
/* End PBXResourcesBuildPhase section */

/* Begin PBXSourcesBuildPhase section */
		6C8A08071BA85C07002BA564 /* Sources */ = {
			isa = PBXSourcesBuildPhase;
			buildActionMask = 2147483647;
			files = (
				6C8A08131BA85C07002BA564 /* ViewController.swift in Sources */,
				6C8A08111BA85C07002BA564 /* AppDelegate.swift in Sources */,
			);
			runOnlyForDeploymentPostprocessing = 0;
		};
		6C8A081C1BA85C08002BA564 /* Sources */ = {
			isa = PBXSourcesBuildPhase;
			buildActionMask = 2147483647;
			files = (
				6C8A08271BA85C08002BA564 /* What_s_the_weatherTests.swift in Sources */,
			);
			runOnlyForDeploymentPostprocessing = 0;
		};
/* End PBXSourcesBuildPhase section */

/* Begin PBXTargetDependency section */
		6C8A08221BA85C08002BA564 /* PBXTargetDependency */ = {
			isa = PBXTargetDependency;
			target = 6C8A080A1BA85C07002BA564 /* What's the weather */;
			targetProxy = 6C8A08211BA85C08002BA564 /* PBXContainerItemProxy */;
		};
/* End PBXTargetDependency section */

/* Begin PBXVariantGroup section */
		6C8A08141BA85C07002BA564 /* Main.storyboard */ = {
			isa = PBXVariantGroup;
			children = (
				6C8A08151BA85C07002BA564 /* Base */,
			);
			name = Main.storyboard;
			sourceTree = "<group>";
		};
		6C8A08191BA85C07002BA564 /* LaunchScreen.xib */ = {
			isa = PBXVariantGroup;
			children = (
				6C8A081A1BA85C07002BA564 /* Base */,
			);
			name = LaunchScreen.xib;
			sourceTree = "<group>";
		};
/* End PBXVariantGroup section */

/* Begin XCBuildConfiguration section */
		6C8A08281BA85C08002BA564 /* Debug */ = {
			isa = XCBuildConfiguration;
			buildSettings = {
				ALWAYS_SEARCH_USER_PATHS = NO;
				CLANG_CXX_LANGUAGE_STANDARD = "gnu++0x";
				CLANG_CXX_LIBRARY = "libc++";
				CLANG_ENABLE_MODULES = YES;
				CLANG_ENABLE_OBJC_ARC = YES;
				CLANG_WARN_BOOL_CONVERSION = YES;
				CLANG_WARN_CONSTANT_CONVERSION = YES;
				CLANG_WARN_DIRECT_OBJC_ISA_USAGE = YES_ERROR;
				CLANG_WARN_EMPTY_BODY = YES;
				CLANG_WARN_ENUM_CONVERSION = YES;
				CLANG_WARN_INT_CONVERSION = YES;
				CLANG_WARN_OBJC_ROOT_CLASS = YES_ERROR;
				CLANG_WARN_UNREACHABLE_CODE = YES;
				CLANG_WARN__DUPLICATE_METHOD_MATCH = YES;
				"CODE_SIGN_IDENTITY[sdk=iphoneos*]" = "iPhone Developer";
				COPY_PHASE_STRIP = NO;
				DEBUG_INFORMATION_FORMAT = "dwarf-with-dsym";
				ENABLE_STRICT_OBJC_MSGSEND = YES;
				GCC_C_LANGUAGE_STANDARD = gnu99;
				GCC_DYNAMIC_NO_PIC = NO;
				GCC_NO_COMMON_BLOCKS = YES;
				GCC_OPTIMIZATION_LEVEL = 0;
				GCC_PREPROCESSOR_DEFINITIONS = (
					"DEBUG=1",
					"$(inherited)",
				);
				GCC_SYMBOLS_PRIVATE_EXTERN = NO;
				GCC_WARN_64_TO_32_BIT_CONVERSION = YES;
				GCC_WARN_ABOUT_RETURN_TYPE = YES_ERROR;
				GCC_WARN_UNDECLARED_SELECTOR = YES;
				GCC_WARN_UNINITIALIZED_AUTOS = YES_AGGRESSIVE;
				GCC_WARN_UNUSED_FUNCTION = YES;
				GCC_WARN_UNUSED_VARIABLE = YES;
				IPHONEOS_DEPLOYMENT_TARGET = 8.4;
				MTL_ENABLE_DEBUG_INFO = YES;
				ONLY_ACTIVE_ARCH = YES;
				SDKROOT = iphoneos;
				SWIFT_OPTIMIZATION_LEVEL = "-Onone";
			};
			name = Debug;
		};
		6C8A08291BA85C08002BA564 /* Release */ = {
			isa = XCBuildConfiguration;
			buildSettings = {
				ALWAYS_SEARCH_USER_PATHS = NO;
				CLANG_CXX_LANGUAGE_STANDARD = "gnu++0x";
				CLANG_CXX_LIBRARY = "libc++";
				CLANG_ENABLE_MODULES = YES;
				CLANG_ENABLE_OBJC_ARC = YES;
				CLANG_WARN_BOOL_CONVERSION = YES;
				CLANG_WARN_CONSTANT_CONVERSION = YES;
				CLANG_WARN_DIRECT_OBJC_ISA_USAGE = YES_ERROR;
				CLANG_WARN_EMPTY_BODY = YES;
				CLANG_WARN_ENUM_CONVERSION = YES;
				CLANG_WARN_INT_CONVERSION = YES;
				CLANG_WARN_OBJC_ROOT_CLASS = YES_ERROR;
				CLANG_WARN_UNREACHABLE_CODE = YES;
				CLANG_WARN__DUPLICATE_METHOD_MATCH = YES;
				"CODE_SIGN_IDENTITY[sdk=iphoneos*]" = "iPhone Developer";
				COPY_PHASE_STRIP = NO;
				DEBUG_INFORMATION_FORMAT = "dwarf-with-dsym";
				ENABLE_NS_ASSERTIONS = NO;
				ENABLE_STRICT_OBJC_MSGSEND = YES;
				GCC_C_LANGUAGE_STANDARD = gnu99;
				GCC_NO_COMMON_BLOCKS = YES;
				GCC_WARN_64_TO_32_BIT_CONVERSION = YES;
				GCC_WARN_ABOUT_RETURN_TYPE = YES_ERROR;
				GCC_WARN_UNDECLARED_SELECTOR = YES;
				GCC_WARN_UNINITIALIZED_AUTOS = YES_AGGRESSIVE;
				GCC_WARN_UNUSED_FUNCTION = YES;
				GCC_WARN_UNUSED_VARIABLE = YES;
				IPHONEOS_DEPLOYMENT_TARGET = 8.4;
				MTL_ENABLE_DEBUG_INFO = NO;
				SDKROOT = iphoneos;
				VALIDATE_PRODUCT = YES;
			};
			name = Release;
		};
		6C8A082B1BA85C08002BA564 /* Debug */ = {
			isa = XCBuildConfiguration;
			buildSettings = {
				ASSETCATALOG_COMPILER_APPICON_NAME = AppIcon;
				INFOPLIST_FILE = "What's the weather/Info.plist";
				LD_RUNPATH_SEARCH_PATHS = "$(inherited) @executable_path/Frameworks";
				PRODUCT_NAME = "$(TARGET_NAME)";
			};
			name = Debug;
		};
		6C8A082C1BA85C08002BA564 /* Release */ = {
			isa = XCBuildConfiguration;
			buildSettings = {
				ASSETCATALOG_COMPILER_APPICON_NAME = AppIcon;
				INFOPLIST_FILE = "What's the weather/Info.plist";
				LD_RUNPATH_SEARCH_PATHS = "$(inherited) @executable_path/Frameworks";
				PRODUCT_NAME = "$(TARGET_NAME)";
			};
			name = Release;
		};
		6C8A082E1BA85C08002BA564 /* Debug */ = {
			isa = XCBuildConfiguration;
			buildSettings = {
				BUNDLE_LOADER = "$(TEST_HOST)";
				FRAMEWORK_SEARCH_PATHS = (
					"$(SDKROOT)/Developer/Library/Frameworks",
					"$(inherited)",
				);
				GCC_PREPROCESSOR_DEFINITIONS = (
					"DEBUG=1",
					"$(inherited)",
				);
				INFOPLIST_FILE = "What's the weatherTests/Info.plist";
				LD_RUNPATH_SEARCH_PATHS = "$(inherited) @executable_path/Frameworks @loader_path/Frameworks";
				PRODUCT_NAME = "$(TARGET_NAME)";
				TEST_HOST = "$(BUILT_PRODUCTS_DIR)/What's the weather.app/What's the weather";
			};
			name = Debug;
		};
		6C8A082F1BA85C08002BA564 /* Release */ = {
			isa = XCBuildConfiguration;
			buildSettings = {
				BUNDLE_LOADER = "$(TEST_HOST)";
				FRAMEWORK_SEARCH_PATHS = (
					"$(SDKROOT)/Developer/Library/Frameworks",
					"$(inherited)",
				);
				INFOPLIST_FILE = "What's the weatherTests/Info.plist";
				LD_RUNPATH_SEARCH_PATHS = "$(inherited) @executable_path/Frameworks @loader_path/Frameworks";
				PRODUCT_NAME = "$(TARGET_NAME)";
				TEST_HOST = "$(BUILT_PRODUCTS_DIR)/What's the weather.app/What's the weather";
			};
			name = Release;
		};
/* End XCBuildConfiguration section */

/* Begin XCConfigurationList section */
		6C8A08061BA85C07002BA564 /* Build configuration list for PBXProject "What's the weather" */ = {
			isa = XCConfigurationList;
			buildConfigurations = (
				6C8A08281BA85C08002BA564 /* Debug */,
				6C8A08291BA85C08002BA564 /* Release */,
			);
			defaultConfigurationIsVisible = 0;
			defaultConfigurationName = Release;
		};
		6C8A082A1BA85C08002BA564 /* Build configuration list for PBXNativeTarget "What's the weather" */ = {
			isa = XCConfigurationList;
			buildConfigurations = (
				6C8A082B1BA85C08002BA564 /* Debug */,
				6C8A082C1BA85C08002BA564 /* Release */,
			);
			defaultConfigurationIsVisible = 0;
		};
		6C8A082D1BA85C08002BA564 /* Build configuration list for PBXNativeTarget "What's the weatherTests" */ = {
			isa = XCConfigurationList;
			buildConfigurations = (
				6C8A082E1BA85C08002BA564 /* Debug */,
				6C8A082F1BA85C08002BA564 /* Release */,
			);
			defaultConfigurationIsVisible = 0;
		};
/* End XCConfigurationList section */
	};
	rootObject = 6C8A08031BA85C07002BA564 /* Project object */;
}
