// !$*UTF8*$!
{
	archiveVersion = 1;
	classes = {
	};
	objectVersion = 46;
	objects = {

/* Begin PBXBuildFile section */
		6CF6F7541BB1F23A00E58489 /* AppDelegate.swift in Sources */ = {isa = PBXBuildFile; fileRef = 6CF6F7531BB1F23A00E58489 /* AppDelegate.swift */; };
		6CF6F7561BB1F23A00E58489 /* ViewController.swift in Sources */ = {isa = PBXBuildFile; fileRef = 6CF6F7551BB1F23A00E58489 /* ViewController.swift */; };
		6CF6F7591BB1F23A00E58489 /* Main.storyboard in Resources */ = {isa = PBXBuildFile; fileRef = 6CF6F7571BB1F23A00E58489 /* Main.storyboard */; };
		6CF6F75B1BB1F23A00E58489 /* Images.xcassets in Resources */ = {isa = PBXBuildFile; fileRef = 6CF6F75A1BB1F23A00E58489 /* Images.xcassets */; };
		6CF6F75E1BB1F23A00E58489 /* LaunchScreen.xib in Resources */ = {isa = PBXBuildFile; fileRef = 6CF6F75C1BB1F23A00E58489 /* LaunchScreen.xib */; };
		6CF6F76A1BB1F23A00E58489 /* Webview_DemoTests.swift in Sources */ = {isa = PBXBuildFile; fileRef = 6CF6F7691BB1F23A00E58489 /* Webview_DemoTests.swift */; };
/* End PBXBuildFile section */

/* Begin PBXContainerItemProxy section */
		6CF6F7641BB1F23A00E58489 /* PBXContainerItemProxy */ = {
			isa = PBXContainerItemProxy;
			containerPortal = 6CF6F7461BB1F23A00E58489 /* Project object */;
			proxyType = 1;
			remoteGlobalIDString = 6CF6F74D1BB1F23A00E58489;
			remoteInfo = "Webview Demo";
		};
/* End PBXContainerItemProxy section */

/* Begin PBXFileReference section */
		6CF6F74E1BB1F23A00E58489 /* Webview Demo.app */ = {isa = PBXFileReference; explicitFileType = wrapper.application; includeInIndex = 0; path = "Webview Demo.app"; sourceTree = BUILT_PRODUCTS_DIR; };
		6CF6F7521BB1F23A00E58489 /* Info.plist */ = {isa = PBXFileReference; lastKnownFileType = text.plist.xml; path = Info.plist; sourceTree = "<group>"; };
		6CF6F7531BB1F23A00E58489 /* AppDelegate.swift */ = {isa = PBXFileReference; lastKnownFileType = sourcecode.swift; path = AppDelegate.swift; sourceTree = "<group>"; };
		6CF6F7551BB1F23A00E58489 /* ViewController.swift */ = {isa = PBXFileReference; lastKnownFileType = sourcecode.swift; path = ViewController.swift; sourceTree = "<group>"; };
		6CF6F7581BB1F23A00E58489 /* Base */ = {isa = PBXFileReference; lastKnownFileType = file.storyboard; name = Base; path = Base.lproj/Main.storyboard; sourceTree = "<group>"; };
		6CF6F75A1BB1F23A00E58489 /* Images.xcassets */ = {isa = PBXFileReference; lastKnownFileType = folder.assetcatalog; path = Images.xcassets; sourceTree = "<group>"; };
		6CF6F75D1BB1F23A00E58489 /* Base */ = {isa = PBXFileReference; lastKnownFileType = file.xib; name = Base; path = Base.lproj/LaunchScreen.xib; sourceTree = "<group>"; };
		6CF6F7631BB1F23A00E58489 /* Webview DemoTests.xctest */ = {isa = PBXFileReference; explicitFileType = wrapper.cfbundle; includeInIndex = 0; path = "Webview DemoTests.xctest"; sourceTree = BUILT_PRODUCTS_DIR; };
		6CF6F7681BB1F23A00E58489 /* Info.plist */ = {isa = PBXFileReference; lastKnownFileType = text.plist.xml; path = Info.plist; sourceTree = "<group>"; };
		6CF6F7691BB1F23A00E58489 /* Webview_DemoTests.swift */ = {isa = PBXFileReference; lastKnownFileType = sourcecode.swift; path = Webview_DemoTests.swift; sourceTree = "<group>"; };
/* End PBXFileReference section */

/* Begin PBXFrameworksBuildPhase section */
		6CF6F74B1BB1F23A00E58489 /* Frameworks */ = {
			isa = PBXFrameworksBuildPhase;
			buildActionMask = 2147483647;
			files = (
			);
			runOnlyForDeploymentPostprocessing = 0;
		};
		6CF6F7601BB1F23A00E58489 /* Frameworks */ = {
			isa = PBXFrameworksBuildPhase;
			buildActionMask = 2147483647;
			files = (
			);
			runOnlyForDeploymentPostprocessing = 0;
		};
/* End PBXFrameworksBuildPhase section */

/* Begin PBXGroup section */
		6CF6F7451BB1F23A00E58489 = {
			isa = PBXGroup;
			children = (
				6CF6F7501BB1F23A00E58489 /* Webview Demo */,
				6CF6F7661BB1F23A00E58489 /* Webview DemoTests */,
				6CF6F74F1BB1F23A00E58489 /* Products */,
			);
			sourceTree = "<group>";
		};
		6CF6F74F1BB1F23A00E58489 /* Products */ = {
			isa = PBXGroup;
			children = (
				6CF6F74E1BB1F23A00E58489 /* Webview Demo.app */,
				6CF6F7631BB1F23A00E58489 /* Webview DemoTests.xctest */,
			);
			name = Products;
			sourceTree = "<group>";
		};
		6CF6F7501BB1F23A00E58489 /* Webview Demo */ = {
			isa = PBXGroup;
			children = (
				6CF6F7531BB1F23A00E58489 /* AppDelegate.swift */,
				6CF6F7551BB1F23A00E58489 /* ViewController.swift */,
				6CF6F7571BB1F23A00E58489 /* Main.storyboard */,
				6CF6F75A1BB1F23A00E58489 /* Images.xcassets */,
				6CF6F75C1BB1F23A00E58489 /* LaunchScreen.xib */,
				6CF6F7511BB1F23A00E58489 /* Supporting Files */,
			);
			path = "Webview Demo";
			sourceTree = "<group>";
		};
		6CF6F7511BB1F23A00E58489 /* Supporting Files */ = {
			isa = PBXGroup;
			children = (
				6CF6F7521BB1F23A00E58489 /* Info.plist */,
			);
			name = "Supporting Files";
			sourceTree = "<group>";
		};
		6CF6F7661BB1F23A00E58489 /* Webview DemoTests */ = {
			isa = PBXGroup;
			children = (
				6CF6F7691BB1F23A00E58489 /* Webview_DemoTests.swift */,
				6CF6F7671BB1F23A00E58489 /* Supporting Files */,
			);
			path = "Webview DemoTests";
			sourceTree = "<group>";
		};
		6CF6F7671BB1F23A00E58489 /* Supporting Files */ = {
			isa = PBXGroup;
			children = (
				6CF6F7681BB1F23A00E58489 /* Info.plist */,
			);
			name = "Supporting Files";
			sourceTree = "<group>";
		};
/* End PBXGroup section */

/* Begin PBXNativeTarget section */
		6CF6F74D1BB1F23A00E58489 /* Webview Demo */ = {
			isa = PBXNativeTarget;
			buildConfigurationList = 6CF6F76D1BB1F23A00E58489 /* Build configuration list for PBXNativeTarget "Webview Demo" */;
			buildPhases = (
				6CF6F74A1BB1F23A00E58489 /* Sources */,
				6CF6F74B1BB1F23A00E58489 /* Frameworks */,
				6CF6F74C1BB1F23A00E58489 /* Resources */,
			);
			buildRules = (
			);
			dependencies = (
			);
			name = "Webview Demo";
			productName = "Webview Demo";
			productReference = 6CF6F74E1BB1F23A00E58489 /* Webview Demo.app */;
			productType = "com.apple.product-type.application";
		};
		6CF6F7621BB1F23A00E58489 /* Webview DemoTests */ = {
			isa = PBXNativeTarget;
			buildConfigurationList = 6CF6F7701BB1F23A00E58489 /* Build configuration list for PBXNativeTarget "Webview DemoTests" */;
			buildPhases = (
				6CF6F75F1BB1F23A00E58489 /* Sources */,
				6CF6F7601BB1F23A00E58489 /* Frameworks */,
				6CF6F7611BB1F23A00E58489 /* Resources */,
			);
			buildRules = (
			);
			dependencies = (
				6CF6F7651BB1F23A00E58489 /* PBXTargetDependency */,
			);
			name = "Webview DemoTests";
			productName = "Webview DemoTests";
			productReference = 6CF6F7631BB1F23A00E58489 /* Webview DemoTests.xctest */;
			productType = "com.apple.product-type.bundle.unit-test";
		};
/* End PBXNativeTarget section */

/* Begin PBXProject section */
		6CF6F7461BB1F23A00E58489 /* Project object */ = {
			isa = PBXProject;
			attributes = {
				LastUpgradeCheck = 0640;
				ORGANIZATIONNAME = "Wenqian Xu";
				TargetAttributes = {
					6CF6F74D1BB1F23A00E58489 = {
						CreatedOnToolsVersion = 6.4;
					};
					6CF6F7621BB1F23A00E58489 = {
						CreatedOnToolsVersion = 6.4;
						TestTargetID = 6CF6F74D1BB1F23A00E58489;
					};
				};
			};
			buildConfigurationList = 6CF6F7491BB1F23A00E58489 /* Build configuration list for PBXProject "Webview Demo" */;
			compatibilityVersion = "Xcode 3.2";
			developmentRegion = English;
			hasScannedForEncodings = 0;
			knownRegions = (
				en,
				Base,
			);
			mainGroup = 6CF6F7451BB1F23A00E58489;
			productRefGroup = 6CF6F74F1BB1F23A00E58489 /* Products */;
			projectDirPath = "";
			projectRoot = "";
			targets = (
				6CF6F74D1BB1F23A00E58489 /* Webview Demo */,
				6CF6F7621BB1F23A00E58489 /* Webview DemoTests */,
			);
		};
/* End PBXProject section */

/* Begin PBXResourcesBuildPhase section */
		6CF6F74C1BB1F23A00E58489 /* Resources */ = {
			isa = PBXResourcesBuildPhase;
			buildActionMask = 2147483647;
			files = (
				6CF6F7591BB1F23A00E58489 /* Main.storyboard in Resources */,
				6CF6F75E1BB1F23A00E58489 /* LaunchScreen.xib in Resources */,
				6CF6F75B1BB1F23A00E58489 /* Images.xcassets in Resources */,
			);
			runOnlyForDeploymentPostprocessing = 0;
		};
		6CF6F7611BB1F23A00E58489 /* Resources */ = {
			isa = PBXResourcesBuildPhase;
			buildActionMask = 2147483647;
			files = (
			);
			runOnlyForDeploymentPostprocessing = 0;
		};
/* End PBXResourcesBuildPhase section */

/* Begin PBXSourcesBuildPhase section */
		6CF6F74A1BB1F23A00E58489 /* Sources */ = {
			isa = PBXSourcesBuildPhase;
			buildActionMask = 2147483647;
			files = (
				6CF6F7561BB1F23A00E58489 /* ViewController.swift in Sources */,
				6CF6F7541BB1F23A00E58489 /* AppDelegate.swift in Sources */,
			);
			runOnlyForDeploymentPostprocessing = 0;
		};
		6CF6F75F1BB1F23A00E58489 /* Sources */ = {
			isa = PBXSourcesBuildPhase;
			buildActionMask = 2147483647;
			files = (
				6CF6F76A1BB1F23A00E58489 /* Webview_DemoTests.swift in Sources */,
			);
			runOnlyForDeploymentPostprocessing = 0;
		};
/* End PBXSourcesBuildPhase section */

/* Begin PBXTargetDependency section */
		6CF6F7651BB1F23A00E58489 /* PBXTargetDependency */ = {
			isa = PBXTargetDependency;
			target = 6CF6F74D1BB1F23A00E58489 /* Webview Demo */;
			targetProxy = 6CF6F7641BB1F23A00E58489 /* PBXContainerItemProxy */;
		};
/* End PBXTargetDependency section */

/* Begin PBXVariantGroup section */
		6CF6F7571BB1F23A00E58489 /* Main.storyboard */ = {
			isa = PBXVariantGroup;
			children = (
				6CF6F7581BB1F23A00E58489 /* Base */,
			);
			name = Main.storyboard;
			sourceTree = "<group>";
		};
		6CF6F75C1BB1F23A00E58489 /* LaunchScreen.xib */ = {
			isa = PBXVariantGroup;
			children = (
				6CF6F75D1BB1F23A00E58489 /* Base */,
			);
			name = LaunchScreen.xib;
			sourceTree = "<group>";
		};
/* End PBXVariantGroup section */

/* Begin XCBuildConfiguration section */
		6CF6F76B1BB1F23A00E58489 /* Debug */ = {
			isa = XCBuildConfiguration;
			buildSettings = {
				ALWAYS_SEARCH_USER_PATHS = NO;
				CLANG_CXX_LANGUAGE_STANDARD = "gnu++0x";
				CLANG_CXX_LIBRARY = "libc++";
				CLANG_ENABLE_MODULES = YES;
				CLANG_ENABLE_OBJC_ARC = YES;
				CLANG_WARN_BOOL_CONVERSION = YES;
				CLANG_WARN_CONSTANT_CONVERSION = YES;
				CLANG_WARN_DIRECT_OBJC_ISA_USAGE = YES_ERROR;
				CLANG_WARN_EMPTY_BODY = YES;
				CLANG_WARN_ENUM_CONVERSION = YES;
				CLANG_WARN_INT_CONVERSION = YES;
				CLANG_WARN_OBJC_ROOT_CLASS = YES_ERROR;
				CLANG_WARN_UNREACHABLE_CODE = YES;
				CLANG_WARN__DUPLICATE_METHOD_MATCH = YES;
				"CODE_SIGN_IDENTITY[sdk=iphoneos*]" = "iPhone Developer";
				COPY_PHASE_STRIP = NO;
				DEBUG_INFORMATION_FORMAT = "dwarf-with-dsym";
				ENABLE_STRICT_OBJC_MSGSEND = YES;
				GCC_C_LANGUAGE_STANDARD = gnu99;
				GCC_DYNAMIC_NO_PIC = NO;
				GCC_NO_COMMON_BLOCKS = YES;
				GCC_OPTIMIZATION_LEVEL = 0;
				GCC_PREPROCESSOR_DEFINITIONS = (
					"DEBUG=1",
					"$(inherited)",
				);
				GCC_SYMBOLS_PRIVATE_EXTERN = NO;
				GCC_WARN_64_TO_32_BIT_CONVERSION = YES;
				GCC_WARN_ABOUT_RETURN_TYPE = YES_ERROR;
				GCC_WARN_UNDECLARED_SELECTOR = YES;
				GCC_WARN_UNINITIALIZED_AUTOS = YES_AGGRESSIVE;
				GCC_WARN_UNUSED_FUNCTION = YES;
				GCC_WARN_UNUSED_VARIABLE = YES;
				IPHONEOS_DEPLOYMENT_TARGET = 8.4;
				MTL_ENABLE_DEBUG_INFO = YES;
				ONLY_ACTIVE_ARCH = YES;
				SDKROOT = iphoneos;
				SWIFT_OPTIMIZATION_LEVEL = "-Onone";
			};
			name = Debug;
		};
		6CF6F76C1BB1F23A00E58489 /* Release */ = {
			isa = XCBuildConfiguration;
			buildSettings = {
				ALWAYS_SEARCH_USER_PATHS = NO;
				CLANG_CXX_LANGUAGE_STANDARD = "gnu++0x";
				CLANG_CXX_LIBRARY = "libc++";
				CLANG_ENABLE_MODULES = YES;
				CLANG_ENABLE_OBJC_ARC = YES;
				CLANG_WARN_BOOL_CONVERSION = YES;
				CLANG_WARN_CONSTANT_CONVERSION = YES;
				CLANG_WARN_DIRECT_OBJC_ISA_USAGE = YES_ERROR;
				CLANG_WARN_EMPTY_BODY = YES;
				CLANG_WARN_ENUM_CONVERSION = YES;
				CLANG_WARN_INT_CONVERSION = YES;
				CLANG_WARN_OBJC_ROOT_CLASS = YES_ERROR;
				CLANG_WARN_UNREACHABLE_CODE = YES;
				CLANG_WARN__DUPLICATE_METHOD_MATCH = YES;
				"CODE_SIGN_IDENTITY[sdk=iphoneos*]" = "iPhone Developer";
				COPY_PHASE_STRIP = NO;
				DEBUG_INFORMATION_FORMAT = "dwarf-with-dsym";
				ENABLE_NS_ASSERTIONS = NO;
				ENABLE_STRICT_OBJC_MSGSEND = YES;
				GCC_C_LANGUAGE_STANDARD = gnu99;
				GCC_NO_COMMON_BLOCKS = YES;
				GCC_WARN_64_TO_32_BIT_CONVERSION = YES;
				GCC_WARN_ABOUT_RETURN_TYPE = YES_ERROR;
				GCC_WARN_UNDECLARED_SELECTOR = YES;
				GCC_WARN_UNINITIALIZED_AUTOS = YES_AGGRESSIVE;
				GCC_WARN_UNUSED_FUNCTION = YES;
				GCC_WARN_UNUSED_VARIABLE = YES;
				IPHONEOS_DEPLOYMENT_TARGET = 8.4;
				MTL_ENABLE_DEBUG_INFO = NO;
				SDKROOT = iphoneos;
				VALIDATE_PRODUCT = YES;
			};
			name = Release;
		};
		6CF6F76E1BB1F23A00E58489 /* Debug */ = {
			isa = XCBuildConfiguration;
			buildSettings = {
				ASSETCATALOG_COMPILER_APPICON_NAME = AppIcon;
				INFOPLIST_FILE = "Webview Demo/Info.plist";
				LD_RUNPATH_SEARCH_PATHS = "$(inherited) @executable_path/Frameworks";
				PRODUCT_NAME = "$(TARGET_NAME)";
			};
			name = Debug;
		};
		6CF6F76F1BB1F23A00E58489 /* Release */ = {
			isa = XCBuildConfiguration;
			buildSettings = {
				ASSETCATALOG_COMPILER_APPICON_NAME = AppIcon;
				INFOPLIST_FILE = "Webview Demo/Info.plist";
				LD_RUNPATH_SEARCH_PATHS = "$(inherited) @executable_path/Frameworks";
				PRODUCT_NAME = "$(TARGET_NAME)";
			};
			name = Release;
		};
		6CF6F7711BB1F23A00E58489 /* Debug */ = {
			isa = XCBuildConfiguration;
			buildSettings = {
				BUNDLE_LOADER = "$(TEST_HOST)";
				FRAMEWORK_SEARCH_PATHS = (
					"$(SDKROOT)/Developer/Library/Frameworks",
					"$(inherited)",
				);
				GCC_PREPROCESSOR_DEFINITIONS = (
					"DEBUG=1",
					"$(inherited)",
				);
				INFOPLIST_FILE = "Webview DemoTests/Info.plist";
				LD_RUNPATH_SEARCH_PATHS = "$(inherited) @executable_path/Frameworks @loader_path/Frameworks";
				PRODUCT_NAME = "$(TARGET_NAME)";
				TEST_HOST = "$(BUILT_PRODUCTS_DIR)/Webview Demo.app/Webview Demo";
			};
			name = Debug;
		};
		6CF6F7721BB1F23A00E58489 /* Release */ = {
			isa = XCBuildConfiguration;
			buildSettings = {
				BUNDLE_LOADER = "$(TEST_HOST)";
				FRAMEWORK_SEARCH_PATHS = (
					"$(SDKROOT)/Developer/Library/Frameworks",
					"$(inherited)",
				);
				INFOPLIST_FILE = "Webview DemoTests/Info.plist";
				LD_RUNPATH_SEARCH_PATHS = "$(inherited) @executable_path/Frameworks @loader_path/Frameworks";
				PRODUCT_NAME = "$(TARGET_NAME)";
				TEST_HOST = "$(BUILT_PRODUCTS_DIR)/Webview Demo.app/Webview Demo";
			};
			name = Release;
		};
/* End XCBuildConfiguration section */

/* Begin XCConfigurationList section */
		6CF6F7491BB1F23A00E58489 /* Build configuration list for PBXProject "Webview Demo" */ = {
			isa = XCConfigurationList;
			buildConfigurations = (
				6CF6F76B1BB1F23A00E58489 /* Debug */,
				6CF6F76C1BB1F23A00E58489 /* Release */,
			);
			defaultConfigurationIsVisible = 0;
			defaultConfigurationName = Release;
		};
		6CF6F76D1BB1F23A00E58489 /* Build configuration list for PBXNativeTarget "Webview Demo" */ = {
			isa = XCConfigurationList;
			buildConfigurations = (
				6CF6F76E1BB1F23A00E58489 /* Debug */,
				6CF6F76F1BB1F23A00E58489 /* Release */,
			);
			defaultConfigurationIsVisible = 0;
		};
		6CF6F7701BB1F23A00E58489 /* Build configuration list for PBXNativeTarget "Webview DemoTests" */ = {
			isa = XCConfigurationList;
			buildConfigurations = (
				6CF6F7711BB1F23A00E58489 /* Debug */,
				6CF6F7721BB1F23A00E58489 /* Release */,
			);
			defaultConfigurationIsVisible = 0;
		};
/* End XCConfigurationList section */
	};
	rootObject = 6CF6F7461BB1F23A00E58489 /* Project object */;
}
